
Microsoft Visual Studio Solution File, Format Version 12.00
# Visual Studio Version 17
VisualStudioVersion = 17.9.34728.123
MinimumVisualStudioVersion = 10.0.40219.1
Project("{9A19103F-16F7-4668-BE54-9A1E7A4F7556}") = "DemoAPI", "DemoAPi\DemoAPI.csproj", "{73C5C698-484E-46C8-87B4-ADBF3C9BEE5C}"
EndProject
Project("{9A19103F-16F7-4668-BE54-9A1E7A4F7556}") = "DemoAPI.Application", "DemoAPI.Application\DemoAPI.Application.csproj", "{35935DB8-61EF-493F-B193-1DC7F061605C}"
EndProject
Project("{FAE04EC0-301F-11D3-BF4B-00C04F79EFBC}") = "DemoAPI.Domain", "DemoAPI.Domain\DemoAPI.Domain.csproj", "{53A548B4-B9BC-4C86-BC90-038FA304A84C}"
EndProject
Global
	GlobalSection(SolutionConfigurationPlatforms) = preSolution
		Debug|Any CPU = Debug|Any CPU
		Release|Any CPU = Release|Any CPU
	EndGlobalSection
	GlobalSection(ProjectConfigurationPlatforms) = postSolution
		{73C5C698-484E-46C8-87B4-ADBF3C9BEE5C}.Debug|Any CPU.ActiveCfg = Debug|Any CPU
		{73C5C698-484E-46C8-87B4-ADBF3C9BEE5C}.Debug|Any CPU.Build.0 = Debug|Any CPU
		{73C5C698-484E-46C8-87B4-ADBF3C9BEE5C}.Release|Any CPU.ActiveCfg = Release|Any CPU
		{73C5C698-484E-46C8-87B4-ADBF3C9BEE5C}.Release|Any CPU.Build.0 = Release|Any CPU
		{35935DB8-61EF-493F-B193-1DC7F061605C}.Debug|Any CPU.ActiveCfg = Debug|Any CPU
		{35935DB8-61EF-493F-B193-1DC7F061605C}.Debug|Any CPU.Build.0 = Debug|Any CPU
		{35935DB8-61EF-493F-B193-1DC7F061605C}.Release|Any CPU.ActiveCfg = Release|Any CPU
		{35935DB8-61EF-493F-B193-1DC7F061605C}.Release|Any CPU.Build.0 = Release|Any CPU
		{53A548B4-B9BC-4C86-BC90-038FA304A84C}.Debug|Any CPU.ActiveCfg = Debug|Any CPU
		{53A548B4-B9BC-4C86-BC90-038FA304A84C}.Debug|Any CPU.Build.0 = Debug|Any CPU
		{53A548B4-B9BC-4C86-BC90-038FA304A84C}.Release|Any CPU.ActiveCfg = Release|Any CPU
		{53A548B4-B9BC-4C86-BC90-038FA304A84C}.Release|Any CPU.Build.0 = Release|Any CPU
	EndGlobalSection
	GlobalSection(SolutionProperties) = preSolution
		HideSolutionNode = FALSE
	EndGlobalSection
	GlobalSection(ExtensibilityGlobals) = postSolution
		SolutionGuid = {69167E10-4467-44AA-BC3A-6A0F6CD0BEA3}
	EndGlobalSection
EndGlobal
